
Microsoft Visual Studio Solution File, Format Version 12.00
# Visual Studio 15
VisualStudioVersion = 15.0.27703.2026
MinimumVisualStudioVersion = 10.0.40219.1
Project("{FAE04EC0-301F-11D3-BF4B-00C04F79EFBC}") = "MiniDIDemo", "MiniDIDemo\MiniDIDemo.csproj", "{6FB66B7A-6250-45CF-A801-FD366FAB0F83}"
EndProject
Global
	GlobalSection(SolutionConfigurationPlatforms) = preSolution
		Debug|Any CPU = Debug|Any CPU
		Release|Any CPU = Release|Any CPU
	EndGlobalSection
	GlobalSection(ProjectConfigurationPlatforms) = postSolution
		{6FB66B7A-6250-45CF-A801-FD366FAB0F83}.Debug|Any CPU.ActiveCfg = Debug|Any CPU
		{6FB66B7A-6250-45CF-A801-FD366FAB0F83}.Debug|Any CPU.Build.0 = Debug|Any CPU
		{6FB66B7A-6250-45CF-A801-FD366FAB0F83}.Release|Any CPU.ActiveCfg = Release|Any CPU
		{6FB66B7A-6250-45CF-A801-FD366FAB0F83}.Release|Any CPU.Build.0 = Release|Any CPU
	EndGlobalSection
	GlobalSection(SolutionProperties) = preSolution
		HideSolutionNode = FALSE
	EndGlobalSection
	GlobalSection(ExtensibilityGlobals) = postSolution
		SolutionGuid = {3FA427E5-583E-41D8-9E1F-B0903D45DD55}
	EndGlobalSection
EndGlobal
